// !$*UTF8*$!
{
	archiveVersion = 1;
	classes = {
	};
	objectVersion = 50;
	objects = {

/* Begin PBXBuildFile section */
		12B4705655383F8A9427FF94 /* Pods_Flashcard.framework in Frameworks */ = {isa = PBXBuildFile; fileRef = 415AD6C9766F51AC20545C1B /* Pods_Flashcard.framework */; };
		4DD012EEBB8726DF49E2F6D1 /* Pods_FlashcardTests.framework in Frameworks */ = {isa = PBXBuildFile; fileRef = B49170705542B529FEDABDB7 /* Pods_FlashcardTests.framework */; };
		D2678542AED25D8A6949151C /* Pods_FlashcardUITests.framework in Frameworks */ = {isa = PBXBuildFile; fileRef = 8ECFCDF1C4D15A21EF772E4A /* Pods_FlashcardUITests.framework */; };
		FA5A387A227DC0300073311A /* AppDelegate.swift in Sources */ = {isa = PBXBuildFile; fileRef = FA5A3879227DC0300073311A /* AppDelegate.swift */; };
		FA5A3881227DC0300073311A /* Assets.xcassets in Resources */ = {isa = PBXBuildFile; fileRef = FA5A3880227DC0300073311A /* Assets.xcassets */; };
		FA5A3884227DC0300073311A /* LaunchScreen.storyboard in Resources */ = {isa = PBXBuildFile; fileRef = FA5A3882227DC0300073311A /* LaunchScreen.storyboard */; };
		FA5A388F227DC0300073311A /* FlashcardTests.swift in Sources */ = {isa = PBXBuildFile; fileRef = FA5A388E227DC0300073311A /* FlashcardTests.swift */; };
		FA5A389A227DC0300073311A /* FlashcardUITests.swift in Sources */ = {isa = PBXBuildFile; fileRef = FA5A3899227DC0300073311A /* FlashcardUITests.swift */; };
		FA5A38BB227DC98C0073311A /* DecksViewController.swift in Sources */ = {isa = PBXBuildFile; fileRef = FA5A38B9227DC98C0073311A /* DecksViewController.swift */; };
		FA5A38BC227DC98C0073311A /* DecksViewController.xib in Resources */ = {isa = PBXBuildFile; fileRef = FA5A38BA227DC98C0073311A /* DecksViewController.xib */; };
		FA954AD5227DD3400084C68E /* DecksCollectionViewCell.swift in Sources */ = {isa = PBXBuildFile; fileRef = FA954AD3227DD3400084C68E /* DecksCollectionViewCell.swift */; };
		FA954AD6227DD3400084C68E /* DecksCollectionViewCell.xib in Resources */ = {isa = PBXBuildFile; fileRef = FA954AD4227DD3400084C68E /* DecksCollectionViewCell.xib */; };
		FA954AD9227DEB0C0084C68E /* Deck.swift in Sources */ = {isa = PBXBuildFile; fileRef = FA954AD8227DEB0C0084C68E /* Deck.swift */; };
		FA954ADB227DEB660084C68E /* Card.swift in Sources */ = {isa = PBXBuildFile; fileRef = FA954ADA227DEB660084C68E /* Card.swift */; };
/* End PBXBuildFile section */

/* Begin PBXContainerItemProxy section */
		FA5A388B227DC0300073311A /* PBXContainerItemProxy */ = {
			isa = PBXContainerItemProxy;
			containerPortal = FA5A386E227DC0300073311A /* Project object */;
			proxyType = 1;
			remoteGlobalIDString = FA5A3875227DC0300073311A;
			remoteInfo = Flashcard;
		};
		FA5A3896227DC0300073311A /* PBXContainerItemProxy */ = {
			isa = PBXContainerItemProxy;
			containerPortal = FA5A386E227DC0300073311A /* Project object */;
			proxyType = 1;
			remoteGlobalIDString = FA5A3875227DC0300073311A;
			remoteInfo = Flashcard;
		};
/* End PBXContainerItemProxy section */

/* Begin PBXFileReference section */
		165C2BFC3226C7C1B640319D /* Pods-Flashcard.debug.xcconfig */ = {isa = PBXFileReference; includeInIndex = 1; lastKnownFileType = text.xcconfig; name = "Pods-Flashcard.debug.xcconfig"; path = "Target Support Files/Pods-Flashcard/Pods-Flashcard.debug.xcconfig"; sourceTree = "<group>"; };
		256759D178AB59BC2556D36E /* Pods-FlashcardUITests.debug.xcconfig */ = {isa = PBXFileReference; includeInIndex = 1; lastKnownFileType = text.xcconfig; name = "Pods-FlashcardUITests.debug.xcconfig"; path = "Target Support Files/Pods-FlashcardUITests/Pods-FlashcardUITests.debug.xcconfig"; sourceTree = "<group>"; };
		2CB184039384815A27BFA572 /* Pods-FlashcardTests.release.xcconfig */ = {isa = PBXFileReference; includeInIndex = 1; lastKnownFileType = text.xcconfig; name = "Pods-FlashcardTests.release.xcconfig"; path = "Target Support Files/Pods-FlashcardTests/Pods-FlashcardTests.release.xcconfig"; sourceTree = "<group>"; };
		35A516F43FBDCFAC34EFF57C /* Pods-FlashcardUITests.release.xcconfig */ = {isa = PBXFileReference; includeInIndex = 1; lastKnownFileType = text.xcconfig; name = "Pods-FlashcardUITests.release.xcconfig"; path = "Target Support Files/Pods-FlashcardUITests/Pods-FlashcardUITests.release.xcconfig"; sourceTree = "<group>"; };
		3EA68C6D06FD31D000F05065 /* Pods-FlashcardTests.debug.xcconfig */ = {isa = PBXFileReference; includeInIndex = 1; lastKnownFileType = text.xcconfig; name = "Pods-FlashcardTests.debug.xcconfig"; path = "Target Support Files/Pods-FlashcardTests/Pods-FlashcardTests.debug.xcconfig"; sourceTree = "<group>"; };
		415AD6C9766F51AC20545C1B /* Pods_Flashcard.framework */ = {isa = PBXFileReference; explicitFileType = wrapper.framework; includeInIndex = 0; path = Pods_Flashcard.framework; sourceTree = BUILT_PRODUCTS_DIR; };
		8ECFCDF1C4D15A21EF772E4A /* Pods_FlashcardUITests.framework */ = {isa = PBXFileReference; explicitFileType = wrapper.framework; includeInIndex = 0; path = Pods_FlashcardUITests.framework; sourceTree = BUILT_PRODUCTS_DIR; };
		B49170705542B529FEDABDB7 /* Pods_FlashcardTests.framework */ = {isa = PBXFileReference; explicitFileType = wrapper.framework; includeInIndex = 0; path = Pods_FlashcardTests.framework; sourceTree = BUILT_PRODUCTS_DIR; };
		C6E3ABF1F6EB0357B56DDFC4 /* Pods-Flashcard.release.xcconfig */ = {isa = PBXFileReference; includeInIndex = 1; lastKnownFileType = text.xcconfig; name = "Pods-Flashcard.release.xcconfig"; path = "Target Support Files/Pods-Flashcard/Pods-Flashcard.release.xcconfig"; sourceTree = "<group>"; };
		FA5A3876227DC0300073311A /* Flashcard.app */ = {isa = PBXFileReference; explicitFileType = wrapper.application; includeInIndex = 0; path = Flashcard.app; sourceTree = BUILT_PRODUCTS_DIR; };
		FA5A3879227DC0300073311A /* AppDelegate.swift */ = {isa = PBXFileReference; lastKnownFileType = sourcecode.swift; path = AppDelegate.swift; sourceTree = "<group>"; };
		FA5A3880227DC0300073311A /* Assets.xcassets */ = {isa = PBXFileReference; lastKnownFileType = folder.assetcatalog; path = Assets.xcassets; sourceTree = "<group>"; };
		FA5A3883227DC0300073311A /* Base */ = {isa = PBXFileReference; lastKnownFileType = file.storyboard; name = Base; path = Base.lproj/LaunchScreen.storyboard; sourceTree = "<group>"; };
		FA5A3885227DC0300073311A /* Info.plist */ = {isa = PBXFileReference; lastKnownFileType = text.plist.xml; path = Info.plist; sourceTree = "<group>"; };
		FA5A388A227DC0300073311A /* FlashcardTests.xctest */ = {isa = PBXFileReference; explicitFileType = wrapper.cfbundle; includeInIndex = 0; path = FlashcardTests.xctest; sourceTree = BUILT_PRODUCTS_DIR; };
		FA5A388E227DC0300073311A /* FlashcardTests.swift */ = {isa = PBXFileReference; lastKnownFileType = sourcecode.swift; path = FlashcardTests.swift; sourceTree = "<group>"; };
		FA5A3890227DC0300073311A /* Info.plist */ = {isa = PBXFileReference; lastKnownFileType = text.plist.xml; path = Info.plist; sourceTree = "<group>"; };
		FA5A3895227DC0300073311A /* FlashcardUITests.xctest */ = {isa = PBXFileReference; explicitFileType = wrapper.cfbundle; includeInIndex = 0; path = FlashcardUITests.xctest; sourceTree = BUILT_PRODUCTS_DIR; };
		FA5A3899227DC0300073311A /* FlashcardUITests.swift */ = {isa = PBXFileReference; lastKnownFileType = sourcecode.swift; path = FlashcardUITests.swift; sourceTree = "<group>"; };
		FA5A389B227DC0300073311A /* Info.plist */ = {isa = PBXFileReference; lastKnownFileType = text.plist.xml; path = Info.plist; sourceTree = "<group>"; };
		FA5A38B9227DC98C0073311A /* DecksViewController.swift */ = {isa = PBXFileReference; lastKnownFileType = sourcecode.swift; path = DecksViewController.swift; sourceTree = "<group>"; };
		FA5A38BA227DC98C0073311A /* DecksViewController.xib */ = {isa = PBXFileReference; lastKnownFileType = file.xib; path = DecksViewController.xib; sourceTree = "<group>"; };
		FA954AD3227DD3400084C68E /* DecksCollectionViewCell.swift */ = {isa = PBXFileReference; lastKnownFileType = sourcecode.swift; path = DecksCollectionViewCell.swift; sourceTree = "<group>"; };
		FA954AD4227DD3400084C68E /* DecksCollectionViewCell.xib */ = {isa = PBXFileReference; lastKnownFileType = file.xib; path = DecksCollectionViewCell.xib; sourceTree = "<group>"; };
		FA954AD8227DEB0C0084C68E /* Deck.swift */ = {isa = PBXFileReference; lastKnownFileType = sourcecode.swift; path = Deck.swift; sourceTree = "<group>"; };
		FA954ADA227DEB660084C68E /* Card.swift */ = {isa = PBXFileReference; lastKnownFileType = sourcecode.swift; path = Card.swift; sourceTree = "<group>"; };
/* End PBXFileReference section */

/* Begin PBXFrameworksBuildPhase section */
		FA5A3873227DC0300073311A /* Frameworks */ = {
			isa = PBXFrameworksBuildPhase;
			buildActionMask = 2147483647;
			files = (
				12B4705655383F8A9427FF94 /* Pods_Flashcard.framework in Frameworks */,
			);
			runOnlyForDeploymentPostprocessing = 0;
		};
		FA5A3887227DC0300073311A /* Frameworks */ = {
			isa = PBXFrameworksBuildPhase;
			buildActionMask = 2147483647;
			files = (
				4DD012EEBB8726DF49E2F6D1 /* Pods_FlashcardTests.framework in Frameworks */,
			);
			runOnlyForDeploymentPostprocessing = 0;
		};
		FA5A3892227DC0300073311A /* Frameworks */ = {
			isa = PBXFrameworksBuildPhase;
			buildActionMask = 2147483647;
			files = (
				D2678542AED25D8A6949151C /* Pods_FlashcardUITests.framework in Frameworks */,
			);
			runOnlyForDeploymentPostprocessing = 0;
		};
/* End PBXFrameworksBuildPhase section */

/* Begin PBXGroup section */
		45A26D3A1CA0D2DBEB16233D /* Pods */ = {
			isa = PBXGroup;
			children = (
				165C2BFC3226C7C1B640319D /* Pods-Flashcard.debug.xcconfig */,
				C6E3ABF1F6EB0357B56DDFC4 /* Pods-Flashcard.release.xcconfig */,
				3EA68C6D06FD31D000F05065 /* Pods-FlashcardTests.debug.xcconfig */,
				2CB184039384815A27BFA572 /* Pods-FlashcardTests.release.xcconfig */,
				256759D178AB59BC2556D36E /* Pods-FlashcardUITests.debug.xcconfig */,
				35A516F43FBDCFAC34EFF57C /* Pods-FlashcardUITests.release.xcconfig */,
			);
			path = Pods;
			sourceTree = "<group>";
		};
		DF2669D5E37340B9ACDB9ED4 /* Frameworks */ = {
			isa = PBXGroup;
			children = (
				415AD6C9766F51AC20545C1B /* Pods_Flashcard.framework */,
				B49170705542B529FEDABDB7 /* Pods_FlashcardTests.framework */,
				8ECFCDF1C4D15A21EF772E4A /* Pods_FlashcardUITests.framework */,
			);
			name = Frameworks;
			sourceTree = "<group>";
		};
		FA5A386D227DC0300073311A = {
			isa = PBXGroup;
			children = (
				FA5A3878227DC0300073311A /* Flashcard */,
				FA5A388D227DC0300073311A /* FlashcardTests */,
				FA5A3898227DC0300073311A /* FlashcardUITests */,
				FA5A3877227DC0300073311A /* Products */,
				45A26D3A1CA0D2DBEB16233D /* Pods */,
				DF2669D5E37340B9ACDB9ED4 /* Frameworks */,
			);
			sourceTree = "<group>";
		};
		FA5A3877227DC0300073311A /* Products */ = {
			isa = PBXGroup;
			children = (
				FA5A3876227DC0300073311A /* Flashcard.app */,
				FA5A388A227DC0300073311A /* FlashcardTests.xctest */,
				FA5A3895227DC0300073311A /* FlashcardUITests.xctest */,
			);
			name = Products;
			sourceTree = "<group>";
		};
		FA5A3878227DC0300073311A /* Flashcard */ = {
			isa = PBXGroup;
			children = (
				FA954AD7227DEAFF0084C68E /* Models */,
				FA5A38B7227DC97A0073311A /* Screens */,
				FA5A3879227DC0300073311A /* AppDelegate.swift */,
				FA5A3880227DC0300073311A /* Assets.xcassets */,
				FA5A3882227DC0300073311A /* LaunchScreen.storyboard */,
				FA5A3885227DC0300073311A /* Info.plist */,
			);
			path = Flashcard;
			sourceTree = "<group>";
		};
		FA5A388D227DC0300073311A /* FlashcardTests */ = {
			isa = PBXGroup;
			children = (
				FA5A388E227DC0300073311A /* FlashcardTests.swift */,
				FA5A3890227DC0300073311A /* Info.plist */,
			);
			path = FlashcardTests;
			sourceTree = "<group>";
		};
		FA5A3898227DC0300073311A /* FlashcardUITests */ = {
			isa = PBXGroup;
			children = (
				FA5A3899227DC0300073311A /* FlashcardUITests.swift */,
				FA5A389B227DC0300073311A /* Info.plist */,
			);
			path = FlashcardUITests;
			sourceTree = "<group>";
		};
		FA5A38B7227DC97A0073311A /* Screens */ = {
			isa = PBXGroup;
			children = (
				FA5A38B8227DC97D0073311A /* Decks */,
			);
			path = Screens;
			sourceTree = "<group>";
		};
		FA5A38B8227DC97D0073311A /* Decks */ = {
			isa = PBXGroup;
			children = (
				FA5A38B9227DC98C0073311A /* DecksViewController.swift */,
				FA5A38BA227DC98C0073311A /* DecksViewController.xib */,
				FA954AD3227DD3400084C68E /* DecksCollectionViewCell.swift */,
				FA954AD4227DD3400084C68E /* DecksCollectionViewCell.xib */,
			);
			path = Decks;
			sourceTree = "<group>";
		};
		FA954AD7227DEAFF0084C68E /* Models */ = {
			isa = PBXGroup;
			children = (
				FA954AD8227DEB0C0084C68E /* Deck.swift */,
				FA954ADA227DEB660084C68E /* Card.swift */,
			);
			path = Models;
			sourceTree = "<group>";
		};
/* End PBXGroup section */

/* Begin PBXNativeTarget section */
		FA5A3875227DC0300073311A /* Flashcard */ = {
			isa = PBXNativeTarget;
			buildConfigurationList = FA5A389E227DC0300073311A /* Build configuration list for PBXNativeTarget "Flashcard" */;
			buildPhases = (
				BB41E81BEC0C64C697ED5029 /* [CP] Check Pods Manifest.lock */,
				FA5A3872227DC0300073311A /* Sources */,
				FA5A3873227DC0300073311A /* Frameworks */,
				FA5A3874227DC0300073311A /* Resources */,
				523ADF139297CA154D6EF2BA /* [CP] Embed Pods Frameworks */,
			);
			buildRules = (
			);
			dependencies = (
			);
			name = Flashcard;
			productName = Flashcard;
			productReference = FA5A3876227DC0300073311A /* Flashcard.app */;
			productType = "com.apple.product-type.application";
		};
		FA5A3889227DC0300073311A /* FlashcardTests */ = {
			isa = PBXNativeTarget;
			buildConfigurationList = FA5A38A1227DC0300073311A /* Build configuration list for PBXNativeTarget "FlashcardTests" */;
			buildPhases = (
				B43509FC264E8A5D30C95B79 /* [CP] Check Pods Manifest.lock */,
				FA5A3886227DC0300073311A /* Sources */,
				FA5A3887227DC0300073311A /* Frameworks */,
				FA5A3888227DC0300073311A /* Resources */,
				DB0BA8BFDFEE7FEB353165D9 /* [CP] Embed Pods Frameworks */,
			);
			buildRules = (
			);
			dependencies = (
				FA5A388C227DC0300073311A /* PBXTargetDependency */,
			);
			name = FlashcardTests;
			productName = FlashcardTests;
			productReference = FA5A388A227DC0300073311A /* FlashcardTests.xctest */;
			productType = "com.apple.product-type.bundle.unit-test";
		};
		FA5A3894227DC0300073311A /* FlashcardUITests */ = {
			isa = PBXNativeTarget;
			buildConfigurationList = FA5A38A4227DC0300073311A /* Build configuration list for PBXNativeTarget "FlashcardUITests" */;
			buildPhases = (
				906E1A8E28FD4FE1062617FB /* [CP] Check Pods Manifest.lock */,
				FA5A3891227DC0300073311A /* Sources */,
				FA5A3892227DC0300073311A /* Frameworks */,
				FA5A3893227DC0300073311A /* Resources */,
				DD60699CF4A9F24437FA9421 /* [CP] Embed Pods Frameworks */,
			);
			buildRules = (
			);
			dependencies = (
				FA5A3897227DC0300073311A /* PBXTargetDependency */,
			);
			name = FlashcardUITests;
			productName = FlashcardUITests;
			productReference = FA5A3895227DC0300073311A /* FlashcardUITests.xctest */;
			productType = "com.apple.product-type.bundle.ui-testing";
		};
/* End PBXNativeTarget section */

/* Begin PBXProject section */
		FA5A386E227DC0300073311A /* Project object */ = {
			isa = PBXProject;
			attributes = {
				LastSwiftUpdateCheck = 1020;
				LastUpgradeCheck = 1020;
				ORGANIZATIONNAME = Titek;
				TargetAttributes = {
					FA5A3875227DC0300073311A = {
						CreatedOnToolsVersion = 10.2.1;
					};
					FA5A3889227DC0300073311A = {
						CreatedOnToolsVersion = 10.2.1;
						TestTargetID = FA5A3875227DC0300073311A;
					};
					FA5A3894227DC0300073311A = {
						CreatedOnToolsVersion = 10.2.1;
						TestTargetID = FA5A3875227DC0300073311A;
					};
				};
			};
			buildConfigurationList = FA5A3871227DC0300073311A /* Build configuration list for PBXProject "Flashcard" */;
			compatibilityVersion = "Xcode 9.3";
			developmentRegion = en;
			hasScannedForEncodings = 0;
			knownRegions = (
				en,
				Base,
			);
			mainGroup = FA5A386D227DC0300073311A;
			productRefGroup = FA5A3877227DC0300073311A /* Products */;
			projectDirPath = "";
			projectRoot = "";
			targets = (
				FA5A3875227DC0300073311A /* Flashcard */,
				FA5A3889227DC0300073311A /* FlashcardTests */,
				FA5A3894227DC0300073311A /* FlashcardUITests */,
			);
		};
/* End PBXProject section */

/* Begin PBXResourcesBuildPhase section */
		FA5A3874227DC0300073311A /* Resources */ = {
			isa = PBXResourcesBuildPhase;
			buildActionMask = 2147483647;
			files = (
				FA5A3884227DC0300073311A /* LaunchScreen.storyboard in Resources */,
				FA954AD6227DD3400084C68E /* DecksCollectionViewCell.xib in Resources */,
				FA5A38BC227DC98C0073311A /* DecksViewController.xib in Resources */,
				FA5A3881227DC0300073311A /* Assets.xcassets in Resources */,
			);
			runOnlyForDeploymentPostprocessing = 0;
		};
		FA5A3888227DC0300073311A /* Resources */ = {
			isa = PBXResourcesBuildPhase;
			buildActionMask = 2147483647;
			files = (
			);
			runOnlyForDeploymentPostprocessing = 0;
		};
		FA5A3893227DC0300073311A /* Resources */ = {
			isa = PBXResourcesBuildPhase;
			buildActionMask = 2147483647;
			files = (
			);
			runOnlyForDeploymentPostprocessing = 0;
		};
/* End PBXResourcesBuildPhase section */

/* Begin PBXShellScriptBuildPhase section */
		523ADF139297CA154D6EF2BA /* [CP] Embed Pods Frameworks */ = {
			isa = PBXShellScriptBuildPhase;
			buildActionMask = 2147483647;
			files = (
			);
			inputFileListPaths = (
			);
			inputPaths = (
				"${PODS_ROOT}/Target Support Files/Pods-Flashcard/Pods-Flashcard-frameworks.sh",
				"${BUILT_PRODUCTS_DIR}/Realm/Realm.framework",
				"${BUILT_PRODUCTS_DIR}/RealmSwift/RealmSwift.framework",
			);
			name = "[CP] Embed Pods Frameworks";
			outputFileListPaths = (
			);
			outputPaths = (
				"${TARGET_BUILD_DIR}/${FRAMEWORKS_FOLDER_PATH}/Realm.framework",
				"${TARGET_BUILD_DIR}/${FRAMEWORKS_FOLDER_PATH}/RealmSwift.framework",
			);
			runOnlyForDeploymentPostprocessing = 0;
			shellPath = /bin/sh;
			shellScript = "\"${PODS_ROOT}/Target Support Files/Pods-Flashcard/Pods-Flashcard-frameworks.sh\"\n";
			showEnvVarsInLog = 0;
		};
		906E1A8E28FD4FE1062617FB /* [CP] Check Pods Manifest.lock */ = {
			isa = PBXShellScriptBuildPhase;
			buildActionMask = 2147483647;
			files = (
			);
			inputFileListPaths = (
			);
			inputPaths = (
				"${PODS_PODFILE_DIR_PATH}/Podfile.lock",
				"${PODS_ROOT}/Manifest.lock",
			);
			name = "[CP] Check Pods Manifest.lock";
			outputFileListPaths = (
			);
			outputPaths = (
				"$(DERIVED_FILE_DIR)/Pods-FlashcardUITests-checkManifestLockResult.txt",
			);
			runOnlyForDeploymentPostprocessing = 0;
			shellPath = /bin/sh;
			shellScript = "diff \"${PODS_PODFILE_DIR_PATH}/Podfile.lock\" \"${PODS_ROOT}/Manifest.lock\" > /dev/null\nif [ $? != 0 ] ; then\n    # print error to STDERR\n    echo \"error: The sandbox is not in sync with the Podfile.lock. Run 'pod install' or update your CocoaPods installation.\" >&2\n    exit 1\nfi\n# This output is used by Xcode 'outputs' to avoid re-running this script phase.\necho \"SUCCESS\" > \"${SCRIPT_OUTPUT_FILE_0}\"\n";
			showEnvVarsInLog = 0;
		};
		B43509FC264E8A5D30C95B79 /* [CP] Check Pods Manifest.lock */ = {
			isa = PBXShellScriptBuildPhase;
			buildActionMask = 2147483647;
			files = (
			);
			inputFileListPaths = (
			);
			inputPaths = (
				"${PODS_PODFILE_DIR_PATH}/Podfile.lock",
				"${PODS_ROOT}/Manifest.lock",
			);
			name = "[CP] Check Pods Manifest.lock";
			outputFileListPaths = (
			);
			outputPaths = (
				"$(DERIVED_FILE_DIR)/Pods-FlashcardTests-checkManifestLockResult.txt",
			);
			runOnlyForDeploymentPostprocessing = 0;
			shellPath = /bin/sh;
			shellScript = "diff \"${PODS_PODFILE_DIR_PATH}/Podfile.lock\" \"${PODS_ROOT}/Manifest.lock\" > /dev/null\nif [ $? != 0 ] ; then\n    # print error to STDERR\n    echo \"error: The sandbox is not in sync with the Podfile.lock. Run 'pod install' or update your CocoaPods installation.\" >&2\n    exit 1\nfi\n# This output is used by Xcode 'outputs' to avoid re-running this script phase.\necho \"SUCCESS\" > \"${SCRIPT_OUTPUT_FILE_0}\"\n";
			showEnvVarsInLog = 0;
		};
		BB41E81BEC0C64C697ED5029 /* [CP] Check Pods Manifest.lock */ = {
			isa = PBXShellScriptBuildPhase;
			buildActionMask = 2147483647;
			files = (
			);
			inputFileListPaths = (
			);
			inputPaths = (
				"${PODS_PODFILE_DIR_PATH}/Podfile.lock",
				"${PODS_ROOT}/Manifest.lock",
			);
			name = "[CP] Check Pods Manifest.lock";
			outputFileListPaths = (
			);
			outputPaths = (
				"$(DERIVED_FILE_DIR)/Pods-Flashcard-checkManifestLockResult.txt",
			);
			runOnlyForDeploymentPostprocessing = 0;
			shellPath = /bin/sh;
			shellScript = "diff \"${PODS_PODFILE_DIR_PATH}/Podfile.lock\" \"${PODS_ROOT}/Manifest.lock\" > /dev/null\nif [ $? != 0 ] ; then\n    # print error to STDERR\n    echo \"error: The sandbox is not in sync with the Podfile.lock. Run 'pod install' or update your CocoaPods installation.\" >&2\n    exit 1\nfi\n# This output is used by Xcode 'outputs' to avoid re-running this script phase.\necho \"SUCCESS\" > \"${SCRIPT_OUTPUT_FILE_0}\"\n";
			showEnvVarsInLog = 0;
		};
		DB0BA8BFDFEE7FEB353165D9 /* [CP] Embed Pods Frameworks */ = {
			isa = PBXShellScriptBuildPhase;
			buildActionMask = 2147483647;
			files = (
			);
			inputFileListPaths = (
			);
			inputPaths = (
				"${PODS_ROOT}/Target Support Files/Pods-FlashcardTests/Pods-FlashcardTests-frameworks.sh",
				"${BUILT_PRODUCTS_DIR}/Realm/Realm.framework",
				"${BUILT_PRODUCTS_DIR}/RealmSwift/RealmSwift.framework",
			);
			name = "[CP] Embed Pods Frameworks";
			outputFileListPaths = (
			);
			outputPaths = (
				"${TARGET_BUILD_DIR}/${FRAMEWORKS_FOLDER_PATH}/Realm.framework",
				"${TARGET_BUILD_DIR}/${FRAMEWORKS_FOLDER_PATH}/RealmSwift.framework",
			);
			runOnlyForDeploymentPostprocessing = 0;
			shellPath = /bin/sh;
			shellScript = "\"${PODS_ROOT}/Target Support Files/Pods-FlashcardTests/Pods-FlashcardTests-frameworks.sh\"\n";
			showEnvVarsInLog = 0;
		};
		DD60699CF4A9F24437FA9421 /* [CP] Embed Pods Frameworks */ = {
			isa = PBXShellScriptBuildPhase;
			buildActionMask = 2147483647;
			files = (
			);
			inputFileListPaths = (
			);
			inputPaths = (
				"${PODS_ROOT}/Target Support Files/Pods-FlashcardUITests/Pods-FlashcardUITests-frameworks.sh",
				"${BUILT_PRODUCTS_DIR}/Realm/Realm.framework",
				"${BUILT_PRODUCTS_DIR}/RealmSwift/RealmSwift.framework",
			);
			name = "[CP] Embed Pods Frameworks";
			outputFileListPaths = (
			);
			outputPaths = (
				"${TARGET_BUILD_DIR}/${FRAMEWORKS_FOLDER_PATH}/Realm.framework",
				"${TARGET_BUILD_DIR}/${FRAMEWORKS_FOLDER_PATH}/RealmSwift.framework",
			);
			runOnlyForDeploymentPostprocessing = 0;
			shellPath = /bin/sh;
			shellScript = "\"${PODS_ROOT}/Target Support Files/Pods-FlashcardUITests/Pods-FlashcardUITests-frameworks.sh\"\n";
			showEnvVarsInLog = 0;
		};
/* End PBXShellScriptBuildPhase section */

/* Begin PBXSourcesBuildPhase section */
		FA5A3872227DC0300073311A /* Sources */ = {
			isa = PBXSourcesBuildPhase;
			buildActionMask = 2147483647;
			files = (
				FA954AD9227DEB0C0084C68E /* Deck.swift in Sources */,
				FA5A387A227DC0300073311A /* AppDelegate.swift in Sources */,
				FA954ADB227DEB660084C68E /* Card.swift in Sources */,
				FA954AD5227DD3400084C68E /* DecksCollectionViewCell.swift in Sources */,
				FA5A38BB227DC98C0073311A /* DecksViewController.swift in Sources */,
			);
			runOnlyForDeploymentPostprocessing = 0;
		};
		FA5A3886227DC0300073311A /* Sources */ = {
			isa = PBXSourcesBuildPhase;
			buildActionMask = 2147483647;
			files = (
				FA5A388F227DC0300073311A /* FlashcardTests.swift in Sources */,
			);
			runOnlyForDeploymentPostprocessing = 0;
		};
		FA5A3891227DC0300073311A /* Sources */ = {
			isa = PBXSourcesBuildPhase;
			buildActionMask = 2147483647;
			files = (
				FA5A389A227DC0300073311A /* FlashcardUITests.swift in Sources */,
			);
			runOnlyForDeploymentPostprocessing = 0;
		};
/* End PBXSourcesBuildPhase section */

/* Begin PBXTargetDependency section */
		FA5A388C227DC0300073311A /* PBXTargetDependency */ = {
			isa = PBXTargetDependency;
			target = FA5A3875227DC0300073311A /* Flashcard */;
			targetProxy = FA5A388B227DC0300073311A /* PBXContainerItemProxy */;
		};
		FA5A3897227DC0300073311A /* PBXTargetDependency */ = {
			isa = PBXTargetDependency;
			target = FA5A3875227DC0300073311A /* Flashcard */;
			targetProxy = FA5A3896227DC0300073311A /* PBXContainerItemProxy */;
		};
/* End PBXTargetDependency section */

/* Begin PBXVariantGroup section */
		FA5A3882227DC0300073311A /* LaunchScreen.storyboard */ = {
			isa = PBXVariantGroup;
			children = (
				FA5A3883227DC0300073311A /* Base */,
			);
			name = LaunchScreen.storyboard;
			sourceTree = "<group>";
		};
/* End PBXVariantGroup section */

/* Begin XCBuildConfiguration section */
		FA5A389C227DC0300073311A /* Debug */ = {
			isa = XCBuildConfiguration;
			buildSettings = {
				ALWAYS_SEARCH_USER_PATHS = NO;
				CLANG_ANALYZER_NONNULL = YES;
				CLANG_ANALYZER_NUMBER_OBJECT_CONVERSION = YES_AGGRESSIVE;
				CLANG_CXX_LANGUAGE_STANDARD = "gnu++14";
				CLANG_CXX_LIBRARY = "libc++";
				CLANG_ENABLE_MODULES = YES;
				CLANG_ENABLE_OBJC_ARC = YES;
				CLANG_ENABLE_OBJC_WEAK = YES;
				CLANG_WARN_BLOCK_CAPTURE_AUTORELEASING = YES;
				CLANG_WARN_BOOL_CONVERSION = YES;
				CLANG_WARN_COMMA = YES;
				CLANG_WARN_CONSTANT_CONVERSION = YES;
				CLANG_WARN_DEPRECATED_OBJC_IMPLEMENTATIONS = YES;
				CLANG_WARN_DIRECT_OBJC_ISA_USAGE = YES_ERROR;
				CLANG_WARN_DOCUMENTATION_COMMENTS = YES;
				CLANG_WARN_EMPTY_BODY = YES;
				CLANG_WARN_ENUM_CONVERSION = YES;
				CLANG_WARN_INFINITE_RECURSION = YES;
				CLANG_WARN_INT_CONVERSION = YES;
				CLANG_WARN_NON_LITERAL_NULL_CONVERSION = YES;
				CLANG_WARN_OBJC_IMPLICIT_RETAIN_SELF = YES;
				CLANG_WARN_OBJC_LITERAL_CONVERSION = YES;
				CLANG_WARN_OBJC_ROOT_CLASS = YES_ERROR;
				CLANG_WARN_RANGE_LOOP_ANALYSIS = YES;
				CLANG_WARN_STRICT_PROTOTYPES = YES;
				CLANG_WARN_SUSPICIOUS_MOVE = YES;
				CLANG_WARN_UNGUARDED_AVAILABILITY = YES_AGGRESSIVE;
				CLANG_WARN_UNREACHABLE_CODE = YES;
				CLANG_WARN__DUPLICATE_METHOD_MATCH = YES;
				CODE_SIGN_IDENTITY = "iPhone Developer";
				COPY_PHASE_STRIP = NO;
				DEBUG_INFORMATION_FORMAT = dwarf;
				ENABLE_STRICT_OBJC_MSGSEND = YES;
				ENABLE_TESTABILITY = YES;
				GCC_C_LANGUAGE_STANDARD = gnu11;
				GCC_DYNAMIC_NO_PIC = NO;
				GCC_NO_COMMON_BLOCKS = YES;
				GCC_OPTIMIZATION_LEVEL = 0;
				GCC_PREPROCESSOR_DEFINITIONS = (
					"DEBUG=1",
					"$(inherited)",
				);
				GCC_WARN_64_TO_32_BIT_CONVERSION = YES;
				GCC_WARN_ABOUT_RETURN_TYPE = YES_ERROR;
				GCC_WARN_UNDECLARED_SELECTOR = YES;
				GCC_WARN_UNINITIALIZED_AUTOS = YES_AGGRESSIVE;
				GCC_WARN_UNUSED_FUNCTION = YES;
				GCC_WARN_UNUSED_VARIABLE = YES;
				IPHONEOS_DEPLOYMENT_TARGET = 12.2;
				MTL_ENABLE_DEBUG_INFO = INCLUDE_SOURCE;
				MTL_FAST_MATH = YES;
				ONLY_ACTIVE_ARCH = YES;
				SDKROOT = iphoneos;
				SWIFT_ACTIVE_COMPILATION_CONDITIONS = DEBUG;
				SWIFT_OPTIMIZATION_LEVEL = "-Onone";
			};
			name = Debug;
		};
		FA5A389D227DC0300073311A /* Release */ = {
			isa = XCBuildConfiguration;
			buildSettings = {
				ALWAYS_SEARCH_USER_PATHS = NO;
				CLANG_ANALYZER_NONNULL = YES;
				CLANG_ANALYZER_NUMBER_OBJECT_CONVERSION = YES_AGGRESSIVE;
				CLANG_CXX_LANGUAGE_STANDARD = "gnu++14";
				CLANG_CXX_LIBRARY = "libc++";
				CLANG_ENABLE_MODULES = YES;
				CLANG_ENABLE_OBJC_ARC = YES;
				CLANG_ENABLE_OBJC_WEAK = YES;
				CLANG_WARN_BLOCK_CAPTURE_AUTORELEASING = YES;
				CLANG_WARN_BOOL_CONVERSION = YES;
				CLANG_WARN_COMMA = YES;
				CLANG_WARN_CONSTANT_CONVERSION = YES;
				CLANG_WARN_DEPRECATED_OBJC_IMPLEMENTATIONS = YES;
				CLANG_WARN_DIRECT_OBJC_ISA_USAGE = YES_ERROR;
				CLANG_WARN_DOCUMENTATION_COMMENTS = YES;
				CLANG_WARN_EMPTY_BODY = YES;
				CLANG_WARN_ENUM_CONVERSION = YES;
				CLANG_WARN_INFINITE_RECURSION = YES;
				CLANG_WARN_INT_CONVERSION = YES;
				CLANG_WARN_NON_LITERAL_NULL_CONVERSION = YES;
				CLANG_WARN_OBJC_IMPLICIT_RETAIN_SELF = YES;
				CLANG_WARN_OBJC_LITERAL_CONVERSION = YES;
				CLANG_WARN_OBJC_ROOT_CLASS = YES_ERROR;
				CLANG_WARN_RANGE_LOOP_ANALYSIS = YES;
				CLANG_WARN_STRICT_PROTOTYPES = YES;
				CLANG_WARN_SUSPICIOUS_MOVE = YES;
				CLANG_WARN_UNGUARDED_AVAILABILITY = YES_AGGRESSIVE;
				CLANG_WARN_UNREACHABLE_CODE = YES;
				CLANG_WARN__DUPLICATE_METHOD_MATCH = YES;
				CODE_SIGN_IDENTITY = "iPhone Developer";
				COPY_PHASE_STRIP = NO;
				DEBUG_INFORMATION_FORMAT = "dwarf-with-dsym";
				ENABLE_NS_ASSERTIONS = NO;
				ENABLE_STRICT_OBJC_MSGSEND = YES;
				GCC_C_LANGUAGE_STANDARD = gnu11;
				GCC_NO_COMMON_BLOCKS = YES;
				GCC_WARN_64_TO_32_BIT_CONVERSION = YES;
				GCC_WARN_ABOUT_RETURN_TYPE = YES_ERROR;
				GCC_WARN_UNDECLARED_SELECTOR = YES;
				GCC_WARN_UNINITIALIZED_AUTOS = YES_AGGRESSIVE;
				GCC_WARN_UNUSED_FUNCTION = YES;
				GCC_WARN_UNUSED_VARIABLE = YES;
				IPHONEOS_DEPLOYMENT_TARGET = 12.2;
				MTL_ENABLE_DEBUG_INFO = NO;
				MTL_FAST_MATH = YES;
				SDKROOT = iphoneos;
				SWIFT_COMPILATION_MODE = wholemodule;
				SWIFT_OPTIMIZATION_LEVEL = "-O";
				VALIDATE_PRODUCT = YES;
			};
			name = Release;
		};
		FA5A389F227DC0300073311A /* Debug */ = {
			isa = XCBuildConfiguration;
			baseConfigurationReference = 165C2BFC3226C7C1B640319D /* Pods-Flashcard.debug.xcconfig */;
			buildSettings = {
				ASSETCATALOG_COMPILER_APPICON_NAME = AppIcon;
				CODE_SIGN_STYLE = Automatic;
				INFOPLIST_FILE = Flashcard/Info.plist;
				LD_RUNPATH_SEARCH_PATHS = (
					"$(inherited)",
					"@executable_path/Frameworks",
				);
				PRODUCT_BUNDLE_IDENTIFIER = com.titek.Flashcard;
				PRODUCT_NAME = "$(TARGET_NAME)";
				SWIFT_VERSION = 5.0;
				TARGETED_DEVICE_FAMILY = "1,2";
			};
			name = Debug;
		};
		FA5A38A0227DC0300073311A /* Release */ = {
			isa = XCBuildConfiguration;
			baseConfigurationReference = C6E3ABF1F6EB0357B56DDFC4 /* Pods-Flashcard.release.xcconfig */;
			buildSettings = {
				ASSETCATALOG_COMPILER_APPICON_NAME = AppIcon;
				CODE_SIGN_STYLE = Automatic;
				INFOPLIST_FILE = Flashcard/Info.plist;
				LD_RUNPATH_SEARCH_PATHS = (
					"$(inherited)",
					"@executable_path/Frameworks",
				);
				PRODUCT_BUNDLE_IDENTIFIER = com.titek.Flashcard;
				PRODUCT_NAME = "$(TARGET_NAME)";
				SWIFT_VERSION = 5.0;
				TARGETED_DEVICE_FAMILY = "1,2";
			};
			name = Release;
		};
		FA5A38A2227DC0300073311A /* Debug */ = {
			isa = XCBuildConfiguration;
			baseConfigurationReference = 3EA68C6D06FD31D000F05065 /* Pods-FlashcardTests.debug.xcconfig */;
			buildSettings = {
				ALWAYS_EMBED_SWIFT_STANDARD_LIBRARIES = YES;
				BUNDLE_LOADER = "$(TEST_HOST)";
				CODE_SIGN_STYLE = Automatic;
				INFOPLIST_FILE = FlashcardTests/Info.plist;
				LD_RUNPATH_SEARCH_PATHS = (
					"$(inherited)",
					"@executable_path/Frameworks",
					"@loader_path/Frameworks",
				);
				PRODUCT_BUNDLE_IDENTIFIER = com.titek.FlashcardTests;
				PRODUCT_NAME = "$(TARGET_NAME)";
				SWIFT_VERSION = 5.0;
				TARGETED_DEVICE_FAMILY = "1,2";
				TEST_HOST = "$(BUILT_PRODUCTS_DIR)/Flashcard.app/Flashcard";
			};
			name = Debug;
		};
		FA5A38A3227DC0300073311A /* Release */ = {
			isa = XCBuildConfiguration;
			baseConfigurationReference = 2CB184039384815A27BFA572 /* Pods-FlashcardTests.release.xcconfig */;
			buildSettings = {
				ALWAYS_EMBED_SWIFT_STANDARD_LIBRARIES = YES;
				BUNDLE_LOADER = "$(TEST_HOST)";
				CODE_SIGN_STYLE = Automatic;
				INFOPLIST_FILE = FlashcardTests/Info.plist;
				LD_RUNPATH_SEARCH_PATHS = (
					"$(inherited)",
					"@executable_path/Frameworks",
					"@loader_path/Frameworks",
				);
				PRODUCT_BUNDLE_IDENTIFIER = com.titek.FlashcardTests;
				PRODUCT_NAME = "$(TARGET_NAME)";
				SWIFT_VERSION = 5.0;
				TARGETED_DEVICE_FAMILY = "1,2";
				TEST_HOST = "$(BUILT_PRODUCTS_DIR)/Flashcard.app/Flashcard";
			};
			name = Release;
		};
		FA5A38A5227DC0300073311A /* Debug */ = {
			isa = XCBuildConfiguration;
			baseConfigurationReference = 256759D178AB59BC2556D36E /* Pods-FlashcardUITests.debug.xcconfig */;
			buildSettings = {
				ALWAYS_EMBED_SWIFT_STANDARD_LIBRARIES = YES;
				CODE_SIGN_STYLE = Automatic;
				INFOPLIST_FILE = FlashcardUITests/Info.plist;
				LD_RUNPATH_SEARCH_PATHS = (
					"$(inherited)",
					"@executable_path/Frameworks",
					"@loader_path/Frameworks",
				);
				PRODUCT_BUNDLE_IDENTIFIER = com.titek.FlashcardUITests;
				PRODUCT_NAME = "$(TARGET_NAME)";
				SWIFT_VERSION = 5.0;
				TARGETED_DEVICE_FAMILY = "1,2";
				TEST_TARGET_NAME = Flashcard;
			};
			name = Debug;
		};
		FA5A38A6227DC0300073311A /* Release */ = {
			isa = XCBuildConfiguration;
			baseConfigurationReference = 35A516F43FBDCFAC34EFF57C /* Pods-FlashcardUITests.release.xcconfig */;
			buildSettings = {
				ALWAYS_EMBED_SWIFT_STANDARD_LIBRARIES = YES;
				CODE_SIGN_STYLE = Automatic;
				INFOPLIST_FILE = FlashcardUITests/Info.plist;
				LD_RUNPATH_SEARCH_PATHS = (
					"$(inherited)",
					"@executable_path/Frameworks",
					"@loader_path/Frameworks",
				);
				PRODUCT_BUNDLE_IDENTIFIER = com.titek.FlashcardUITests;
				PRODUCT_NAME = "$(TARGET_NAME)";
				SWIFT_VERSION = 5.0;
				TARGETED_DEVICE_FAMILY = "1,2";
				TEST_TARGET_NAME = Flashcard;
			};
			name = Release;
		};
/* End XCBuildConfiguration section */

/* Begin XCConfigurationList section */
		FA5A3871227DC0300073311A /* Build configuration list for PBXProject "Flashcard" */ = {
			isa = XCConfigurationList;
			buildConfigurations = (
				FA5A389C227DC0300073311A /* Debug */,
				FA5A389D227DC0300073311A /* Release */,
			);
			defaultConfigurationIsVisible = 0;
			defaultConfigurationName = Release;
		};
		FA5A389E227DC0300073311A /* Build configuration list for PBXNativeTarget "Flashcard" */ = {
			isa = XCConfigurationList;
			buildConfigurations = (
				FA5A389F227DC0300073311A /* Debug */,
				FA5A38A0227DC0300073311A /* Release */,
			);
			defaultConfigurationIsVisible = 0;
			defaultConfigurationName = Release;
		};
		FA5A38A1227DC0300073311A /* Build configuration list for PBXNativeTarget "FlashcardTests" */ = {
			isa = XCConfigurationList;
			buildConfigurations = (
				FA5A38A2227DC0300073311A /* Debug */,
				FA5A38A3227DC0300073311A /* Release */,
			);
			defaultConfigurationIsVisible = 0;
			defaultConfigurationName = Release;
		};
		FA5A38A4227DC0300073311A /* Build configuration list for PBXNativeTarget "FlashcardUITests" */ = {
			isa = XCConfigurationList;
			buildConfigurations = (
				FA5A38A5227DC0300073311A /* Debug */,
				FA5A38A6227DC0300073311A /* Release */,
			);
			defaultConfigurationIsVisible = 0;
			defaultConfigurationName = Release;
		};
/* End XCConfigurationList section */
	};
	rootObject = FA5A386E227DC0300073311A /* Project object */;
}
